
Microsoft Visual Studio Solution File, Format Version 12.00
# Visual Studio Version 16
VisualStudioVersion = 16.0.30804.86
MinimumVisualStudioVersion = 10.0.40219.1
Project("{FAE04EC0-301F-11D3-BF4B-00C04F79EFBC}") = "CP2077SaveEditor", "CP2077SaveEditor\CP2077SaveEditor.csproj", "{146C5D84-3806-4D11-A8C1-2A3717F4D11C}"
EndProject
Global
	GlobalSection(SolutionConfigurationPlatforms) = preSolution
		Debug|Any CPU = Debug|Any CPU
		Release|Any CPU = Release|Any CPU
	EndGlobalSection
	GlobalSection(ProjectConfigurationPlatforms) = postSolution
		{146C5D84-3806-4D11-A8C1-2A3717F4D11C}.Debug|Any CPU.ActiveCfg = Debug|Any CPU
		{146C5D84-3806-4D11-A8C1-2A3717F4D11C}.Debug|Any CPU.Build.0 = Debug|Any CPU
		{146C5D84-3806-4D11-A8C1-2A3717F4D11C}.Release|Any CPU.ActiveCfg = Release|Any CPU
		{146C5D84-3806-4D11-A8C1-2A3717F4D11C}.Release|Any CPU.Build.0 = Release|Any CPU
	EndGlobalSection
	GlobalSection(SolutionProperties) = preSolution
		HideSolutionNode = FALSE
	EndGlobalSection
	GlobalSection(ExtensibilityGlobals) = postSolution
		SolutionGuid = {C6A57028-7D76-48AD-9763-92F16652AFF9}
	EndGlobalSection
EndGlobal
