
Microsoft Visual Studio Solution File, Format Version 12.00
# Visual Studio Version 17
VisualStudioVersion = 17.0.32014.148
MinimumVisualStudioVersion = 10.0.40219.1
Project("{9A19103F-16F7-4668-BE54-9A1E7A4F7556}") = "CP2077SaveEditor", "CP2077SaveEditor\CP2077SaveEditor.csproj", "{146C5D84-3806-4D11-A8C1-2A3717F4D11C}"
EndProject
Project("{9A19103F-16F7-4668-BE54-9A1E7A4F7556}") = "WolvenKit.Core", "WolvenKit\WolvenKit.Core\WolvenKit.Core.csproj", "{5BE90987-CA9F-4D88-9D0F-5B9CC707A573}"
EndProject
Project("{9A19103F-16F7-4668-BE54-9A1E7A4F7556}") = "WolvenKit.Common", "WolvenKit\WolvenKit.Common\WolvenKit.Common.csproj", "{3BB005ED-3538-4093-96C4-D3239F8AAEE4}"
EndProject
Project("{9A19103F-16F7-4668-BE54-9A1E7A4F7556}") = "WolvenKit.RED4.Types", "WolvenKit\WolvenKit.RED4.Types\WolvenKit.RED4.Types.csproj", "{42A835A3-1A0F-40B5-915C-ADEE8BFFAFBD}"
EndProject
Project("{9A19103F-16F7-4668-BE54-9A1E7A4F7556}") = "WolvenKit.RED4.Archive", "WolvenKit\WolvenKit.RED4.Archive\WolvenKit.RED4.Archive.csproj", "{F801B1E3-AFC8-4D06-B954-C493D8522AD1}"
EndProject
Project("{9A19103F-16F7-4668-BE54-9A1E7A4F7556}") = "WolvenKit.RED4.Save", "WolvenKit\WolvenKit.RED4.Save\WolvenKit.RED4.Save.csproj", "{F5FD5B0E-0120-4E60-B18C-7052DDD7DD4B}"
EndProject
Project("{9A19103F-16F7-4668-BE54-9A1E7A4F7556}") = "WolvenKit.RED4.TweakDB", "WolvenKit\WolvenKit.RED4.TweakDB\WolvenKit.RED4.TweakDB.csproj", "{6D7A367F-0FAF-46B2-A935-307373904631}"
EndProject
Project("{FAE04EC0-301F-11D3-BF4B-00C04F79EFBC}") = "ResourceGenerator", "ResourceGenerator\ResourceGenerator.csproj", "{01B1D3CD-B7BD-4A04-B4E1-4505176EAFAA}"
EndProject
Global
	GlobalSection(SolutionConfigurationPlatforms) = preSolution
		Debug|x64 = Debug|x64
		Release|x64 = Release|x64
	EndGlobalSection
	GlobalSection(ProjectConfigurationPlatforms) = postSolution
		{146C5D84-3806-4D11-A8C1-2A3717F4D11C}.Debug|x64.ActiveCfg = Debug|x64
		{146C5D84-3806-4D11-A8C1-2A3717F4D11C}.Debug|x64.Build.0 = Debug|x64
		{146C5D84-3806-4D11-A8C1-2A3717F4D11C}.Release|x64.ActiveCfg = Release|x64
		{146C5D84-3806-4D11-A8C1-2A3717F4D11C}.Release|x64.Build.0 = Release|x64
		{5BE90987-CA9F-4D88-9D0F-5B9CC707A573}.Debug|x64.ActiveCfg = Debug|x64
		{5BE90987-CA9F-4D88-9D0F-5B9CC707A573}.Debug|x64.Build.0 = Debug|x64
		{5BE90987-CA9F-4D88-9D0F-5B9CC707A573}.Release|x64.ActiveCfg = Release|x64
		{5BE90987-CA9F-4D88-9D0F-5B9CC707A573}.Release|x64.Build.0 = Release|x64
		{3BB005ED-3538-4093-96C4-D3239F8AAEE4}.Debug|x64.ActiveCfg = Debug|x64
		{3BB005ED-3538-4093-96C4-D3239F8AAEE4}.Debug|x64.Build.0 = Debug|x64
		{3BB005ED-3538-4093-96C4-D3239F8AAEE4}.Release|x64.ActiveCfg = Release|x64
		{3BB005ED-3538-4093-96C4-D3239F8AAEE4}.Release|x64.Build.0 = Release|x64
		{42A835A3-1A0F-40B5-915C-ADEE8BFFAFBD}.Debug|x64.ActiveCfg = Debug|x64
		{42A835A3-1A0F-40B5-915C-ADEE8BFFAFBD}.Debug|x64.Build.0 = Debug|x64
		{42A835A3-1A0F-40B5-915C-ADEE8BFFAFBD}.Release|x64.ActiveCfg = Release|x64
		{42A835A3-1A0F-40B5-915C-ADEE8BFFAFBD}.Release|x64.Build.0 = Release|x64
		{F801B1E3-AFC8-4D06-B954-C493D8522AD1}.Debug|x64.ActiveCfg = Debug|x64
		{F801B1E3-AFC8-4D06-B954-C493D8522AD1}.Debug|x64.Build.0 = Debug|x64
		{F801B1E3-AFC8-4D06-B954-C493D8522AD1}.Release|x64.ActiveCfg = Release|x64
		{F801B1E3-AFC8-4D06-B954-C493D8522AD1}.Release|x64.Build.0 = Release|x64
		{F5FD5B0E-0120-4E60-B18C-7052DDD7DD4B}.Debug|x64.ActiveCfg = Debug|x64
		{F5FD5B0E-0120-4E60-B18C-7052DDD7DD4B}.Debug|x64.Build.0 = Debug|x64
		{F5FD5B0E-0120-4E60-B18C-7052DDD7DD4B}.Release|x64.ActiveCfg = Release|x64
		{F5FD5B0E-0120-4E60-B18C-7052DDD7DD4B}.Release|x64.Build.0 = Release|x64
		{6D7A367F-0FAF-46B2-A935-307373904631}.Debug|x64.ActiveCfg = Debug|x64
		{6D7A367F-0FAF-46B2-A935-307373904631}.Debug|x64.Build.0 = Debug|x64
		{6D7A367F-0FAF-46B2-A935-307373904631}.Release|x64.ActiveCfg = Release|x64
		{6D7A367F-0FAF-46B2-A935-307373904631}.Release|x64.Build.0 = Release|x64
		{01B1D3CD-B7BD-4A04-B4E1-4505176EAFAA}.Debug|x64.ActiveCfg = Debug|x64
		{01B1D3CD-B7BD-4A04-B4E1-4505176EAFAA}.Debug|x64.Build.0 = Debug|x64
		{01B1D3CD-B7BD-4A04-B4E1-4505176EAFAA}.Release|x64.ActiveCfg = Release|Any CPU
		{01B1D3CD-B7BD-4A04-B4E1-4505176EAFAA}.Release|x64.Build.0 = Release|Any CPU
	EndGlobalSection
	GlobalSection(SolutionProperties) = preSolution
		HideSolutionNode = FALSE
	EndGlobalSection
	GlobalSection(ExtensibilityGlobals) = postSolution
		SolutionGuid = {C6A57028-7D76-48AD-9763-92F16652AFF9}
	EndGlobalSection
EndGlobal
